
Microsoft Visual Studio Solution File, Format Version 12.00
# Visual Studio Version 17
VisualStudioVersion = 17.14.36401.2
MinimumVisualStudioVersion = 10.0.40219.1
Project("{FAE04EC0-301F-11D3-BF4B-00C04F79EFBC}") = "data-types", "data-types\data-types.csproj", "{028DC083-0A93-4EF3-A587-ADB11EEE999B}"
EndProject
Project("{FAE04EC0-301F-11D3-BF4B-00C04F79EFBC}") = "converting-strings-to-numbers", "converting-strings-to-numbers\converting-strings-to-numbers.csproj", "{DE9CAF14-72F8-480E-9114-193C054070BB}"
EndProject
Project("{FAE04EC0-301F-11D3-BF4B-00C04F79EFBC}") = "working-with-strings", "working-with-strings\working-with-strings.csproj", "{3A40CDF1-5AEE-4C5A-9A2C-21302FC17F39}"
EndProject
Project("{FAE04EC0-301F-11D3-BF4B-00C04F79EFBC}") = "string-interpolation", "string-interpolation\string-interpolation.csproj", "{C377B842-5E34-4EAD-8571-B8C8F5823D43}"
EndProject
Project("{FAE04EC0-301F-11D3-BF4B-00C04F79EFBC}") = "working-with-numbers", "working-with-numbers\working-with-numbers.csproj", "{4BB4299E-39B2-4789-8349-9986CABC0A1C}"
EndProject
Project("{FAE04EC0-301F-11D3-BF4B-00C04F79EFBC}") = "basic-math-operations", "basic-math-operations\basic-math-operations.csproj", "{511FAA5F-60AF-4E0A-A2E6-109D13BC08AA}"
EndProject
Project("{FAE04EC0-301F-11D3-BF4B-00C04F79EFBC}") = "increment-decrement-operators", "increment-decrement-operators\increment-decrement-operators.csproj", "{F91A158F-54F0-455A-847C-C0C2E34125CE}"
EndProject
Global
	GlobalSection(SolutionConfigurationPlatforms) = preSolution
		Debug|Any CPU = Debug|Any CPU
		Release|Any CPU = Release|Any CPU
	EndGlobalSection
	GlobalSection(ProjectConfigurationPlatforms) = postSolution
		{028DC083-0A93-4EF3-A587-ADB11EEE999B}.Debug|Any CPU.ActiveCfg = Debug|Any CPU
		{028DC083-0A93-4EF3-A587-ADB11EEE999B}.Debug|Any CPU.Build.0 = Debug|Any CPU
		{028DC083-0A93-4EF3-A587-ADB11EEE999B}.Release|Any CPU.ActiveCfg = Release|Any CPU
		{028DC083-0A93-4EF3-A587-ADB11EEE999B}.Release|Any CPU.Build.0 = Release|Any CPU
		{DE9CAF14-72F8-480E-9114-193C054070BB}.Debug|Any CPU.ActiveCfg = Debug|Any CPU
		{DE9CAF14-72F8-480E-9114-193C054070BB}.Debug|Any CPU.Build.0 = Debug|Any CPU
		{DE9CAF14-72F8-480E-9114-193C054070BB}.Release|Any CPU.ActiveCfg = Release|Any CPU
		{DE9CAF14-72F8-480E-9114-193C054070BB}.Release|Any CPU.Build.0 = Release|Any CPU
		{3A40CDF1-5AEE-4C5A-9A2C-21302FC17F39}.Debug|Any CPU.ActiveCfg = Debug|Any CPU
		{3A40CDF1-5AEE-4C5A-9A2C-21302FC17F39}.Debug|Any CPU.Build.0 = Debug|Any CPU
		{3A40CDF1-5AEE-4C5A-9A2C-21302FC17F39}.Release|Any CPU.ActiveCfg = Release|Any CPU
		{3A40CDF1-5AEE-4C5A-9A2C-21302FC17F39}.Release|Any CPU.Build.0 = Release|Any CPU
		{C377B842-5E34-4EAD-8571-B8C8F5823D43}.Debug|Any CPU.ActiveCfg = Debug|Any CPU
		{C377B842-5E34-4EAD-8571-B8C8F5823D43}.Debug|Any CPU.Build.0 = Debug|Any CPU
		{C377B842-5E34-4EAD-8571-B8C8F5823D43}.Release|Any CPU.ActiveCfg = Release|Any CPU
		{C377B842-5E34-4EAD-8571-B8C8F5823D43}.Release|Any CPU.Build.0 = Release|Any CPU
		{4BB4299E-39B2-4789-8349-9986CABC0A1C}.Debug|Any CPU.ActiveCfg = Debug|Any CPU
		{4BB4299E-39B2-4789-8349-9986CABC0A1C}.Debug|Any CPU.Build.0 = Debug|Any CPU
		{4BB4299E-39B2-4789-8349-9986CABC0A1C}.Release|Any CPU.ActiveCfg = Release|Any CPU
		{4BB4299E-39B2-4789-8349-9986CABC0A1C}.Release|Any CPU.Build.0 = Release|Any CPU
		{511FAA5F-60AF-4E0A-A2E6-109D13BC08AA}.Debug|Any CPU.ActiveCfg = Debug|Any CPU
		{511FAA5F-60AF-4E0A-A2E6-109D13BC08AA}.Debug|Any CPU.Build.0 = Debug|Any CPU
		{511FAA5F-60AF-4E0A-A2E6-109D13BC08AA}.Release|Any CPU.ActiveCfg = Release|Any CPU
		{511FAA5F-60AF-4E0A-A2E6-109D13BC08AA}.Release|Any CPU.Build.0 = Release|Any CPU
		{F91A158F-54F0-455A-847C-C0C2E34125CE}.Debug|Any CPU.ActiveCfg = Debug|Any CPU
		{F91A158F-54F0-455A-847C-C0C2E34125CE}.Debug|Any CPU.Build.0 = Debug|Any CPU
		{F91A158F-54F0-455A-847C-C0C2E34125CE}.Release|Any CPU.ActiveCfg = Release|Any CPU
		{F91A158F-54F0-455A-847C-C0C2E34125CE}.Release|Any CPU.Build.0 = Release|Any CPU
	EndGlobalSection
	GlobalSection(SolutionProperties) = preSolution
		HideSolutionNode = FALSE
	EndGlobalSection
	GlobalSection(ExtensibilityGlobals) = postSolution
		SolutionGuid = {023CEABF-1887-4FC7-A983-4A3581C56B03}
	EndGlobalSection
EndGlobal
